
Microsoft Visual Studio Solution File, Format Version 12.00
# Visual Studio Version 16
VisualStudioVersion = 16.0.29209.62
MinimumVisualStudioVersion = 10.0.40219.1
Project("{9A19103F-16F7-4668-BE54-9A1E7A4F7556}") = "WebApp", "Venda\WebApp.csproj", "{6DC0657F-BF34-42BA-991C-EFECBE61BAC1}"
EndProject
Global
	GlobalSection(SolutionConfigurationPlatforms) = preSolution
		Debug|Any CPU = Debug|Any CPU
		Release|Any CPU = Release|Any CPU
	EndGlobalSection
	GlobalSection(ProjectConfigurationPlatforms) = postSolution
		{6DC0657F-BF34-42BA-991C-EFECBE61BAC1}.Debug|Any CPU.ActiveCfg = Debug|Any CPU
		{6DC0657F-BF34-42BA-991C-EFECBE61BAC1}.Debug|Any CPU.Build.0 = Debug|Any CPU
		{6DC0657F-BF34-42BA-991C-EFECBE61BAC1}.Release|Any CPU.ActiveCfg = Release|Any CPU
		{6DC0657F-BF34-42BA-991C-EFECBE61BAC1}.Release|Any CPU.Build.0 = Release|Any CPU
	EndGlobalSection
	GlobalSection(SolutionProperties) = preSolution
		HideSolutionNode = FALSE
	EndGlobalSection
	GlobalSection(ExtensibilityGlobals) = postSolution
		SolutionGuid = {C687501A-27D3-428E-AB40-ED03300E2EB4}
	EndGlobalSection
EndGlobal
